
Microsoft Visual Studio Solution File, Format Version 12.00
# Visual Studio 15
VisualStudioVersion = 15.0.26228.9
MinimumVisualStudioVersion = 10.0.40219.1
Project("{FAE04EC0-301F-11D3-BF4B-00C04F79EFBC}") = "Db.Isolate", "Engine\Engine\Db.Isolate.csproj", "{55165814-E23A-48C4-8093-D03CC13D8401}"
EndProject
Project("{FAE04EC0-301F-11D3-BF4B-00C04F79EFBC}") = "Db.Isolate.Integration.Test", "TestFirst.Sql.Runner.Integration.Test\Db.Isolate.Integration.Test.csproj", "{7F64B181-7669-4189-B858-AABC96AC95D7}"
EndProject
Global
	GlobalSection(SolutionConfigurationPlatforms) = preSolution
		Debug|Any CPU = Debug|Any CPU
		Release|Any CPU = Release|Any CPU
	EndGlobalSection
	GlobalSection(ProjectConfigurationPlatforms) = postSolution
		{55165814-E23A-48C4-8093-D03CC13D8401}.Debug|Any CPU.ActiveCfg = Debug|Any CPU
		{55165814-E23A-48C4-8093-D03CC13D8401}.Debug|Any CPU.Build.0 = Debug|Any CPU
		{55165814-E23A-48C4-8093-D03CC13D8401}.Release|Any CPU.ActiveCfg = Release|Any CPU
		{55165814-E23A-48C4-8093-D03CC13D8401}.Release|Any CPU.Build.0 = Release|Any CPU
		{7F64B181-7669-4189-B858-AABC96AC95D7}.Debug|Any CPU.ActiveCfg = Debug|Any CPU
		{7F64B181-7669-4189-B858-AABC96AC95D7}.Debug|Any CPU.Build.0 = Debug|Any CPU
		{7F64B181-7669-4189-B858-AABC96AC95D7}.Release|Any CPU.ActiveCfg = Release|Any CPU
		{7F64B181-7669-4189-B858-AABC96AC95D7}.Release|Any CPU.Build.0 = Release|Any CPU
	EndGlobalSection
	GlobalSection(SolutionProperties) = preSolution
		HideSolutionNode = FALSE
	EndGlobalSection
EndGlobal
